// !$*UTF8*$!
{
	archiveVersion = 1;
	classes = {
	};
	objectVersion = 56;
	objects = {

/* Begin PBXBuildFile section */
		EB9E14F02CDC3D670023BACE /* ViewModel.swift in Sources */ = {isa = PBXBuildFile; fileRef = EB9E14EF2CDC3D670023BACE /* ViewModel.swift */; };
		EB9E14F22CDEC2FE0023BACE /* ComparisonScreen.swift in Sources */ = {isa = PBXBuildFile; fileRef = EB9E14F12CDEC2FE0023BACE /* ComparisonScreen.swift */; };
		EB9E14F82CE32A7D0023BACE /* SavedListsView.swift in Sources */ = {isa = PBXBuildFile; fileRef = EB9E14F72CE32A7D0023BACE /* SavedListsView.swift */; };
		EB9E14FC2CE411770023BACE /* HomeScreenAI.swift in Sources */ = {isa = PBXBuildFile; fileRef = EB9E14FB2CE411770023BACE /* HomeScreenAI.swift */; };
		EB9E14FE2CE4159A0023BACE /* SearchBarView.swift in Sources */ = {isa = PBXBuildFile; fileRef = EB9E14FD2CE4159A0023BACE /* SearchBarView.swift */; };
		EB9E15002CE668470023BACE /* Helpers.swift in Sources */ = {isa = PBXBuildFile; fileRef = EB9E14FF2CE668470023BACE /* Helpers.swift */; };
		EB9E15022CEDA31B0023BACE /* LogInScreen.swift in Sources */ = {isa = PBXBuildFile; fileRef = EB9E15012CEDA31B0023BACE /* LogInScreen.swift */; };
		EB9E15042CEE67170023BACE /* SignUpScreen.swift in Sources */ = {isa = PBXBuildFile; fileRef = EB9E15032CEE67170023BACE /* SignUpScreen.swift */; };
		EBC290642CD1FF9D00500D84 /* CSID_SimpleApp.swift in Sources */ = {isa = PBXBuildFile; fileRef = EBC290632CD1FF9D00500D84 /* CSID_SimpleApp.swift */; };
		EBC290662CD1FF9D00500D84 /* HomeScreen.swift in Sources */ = {isa = PBXBuildFile; fileRef = EBC290652CD1FF9D00500D84 /* HomeScreen.swift */; };
		EBC290682CD1FF9F00500D84 /* Assets.xcassets in Resources */ = {isa = PBXBuildFile; fileRef = EBC290672CD1FF9F00500D84 /* Assets.xcassets */; };
		EBC2906B2CD1FF9F00500D84 /* Preview Assets.xcassets in Resources */ = {isa = PBXBuildFile; fileRef = EBC2906A2CD1FF9F00500D84 /* Preview Assets.xcassets */; };
		EBC290722CD20F2200500D84 /* SearchCarouselView.swift in Sources */ = {isa = PBXBuildFile; fileRef = EBC290712CD20F2200500D84 /* SearchCarouselView.swift */; };
		EBC290762CD59B6F00500D84 /* SearchResultCellView.swift in Sources */ = {isa = PBXBuildFile; fileRef = EBC290752CD59B6F00500D84 /* SearchResultCellView.swift */; };
		EBC290782CD59BBD00500D84 /* Extensions.swift in Sources */ = {isa = PBXBuildFile; fileRef = EBC290772CD59BBD00500D84 /* Extensions.swift */; };
		EBC2907A2CD6CE8500500D84 /* Models.swift in Sources */ = {isa = PBXBuildFile; fileRef = EBC290792CD6CE8500500D84 /* Models.swift */; };
		EBC2907C2CD6D27100500D84 /* DatabaseHelper.swift in Sources */ = {isa = PBXBuildFile; fileRef = EBC2907B2CD6D27100500D84 /* DatabaseHelper.swift */; };
		EBC2907E2CD6D40700500D84 /* DatabaseQueries.swift in Sources */ = {isa = PBXBuildFile; fileRef = EBC2907D2CD6D40700500D84 /* DatabaseQueries.swift */; };
		EBC290802CD71C3500500D84 /* Singletons.swift in Sources */ = {isa = PBXBuildFile; fileRef = EBC2907F2CD71C3500500D84 /* Singletons.swift */; };
		EBC290842CD83E6B00500D84 /* SearchResultsView.swift in Sources */ = {isa = PBXBuildFile; fileRef = EBC290832CD83E6B00500D84 /* SearchResultsView.swift */; };
		EBC290862CD83F3600500D84 /* SearchFiltersView.swift in Sources */ = {isa = PBXBuildFile; fileRef = EBC290852CD83F3600500D84 /* SearchFiltersView.swift */; };
		EBC290882CD8416E00500D84 /* BackgroundView.swift in Sources */ = {isa = PBXBuildFile; fileRef = EBC290872CD8416E00500D84 /* BackgroundView.swift */; };
		EBC2908C2CD84F5200500D84 /* SortResultsView.swift in Sources */ = {isa = PBXBuildFile; fileRef = EBC2908B2CD84F5200500D84 /* SortResultsView.swift */; };
		EBC2908E2CD850F600500D84 /* MealTypeSectionView.swift in Sources */ = {isa = PBXBuildFile; fileRef = EBC2908D2CD850F600500D84 /* MealTypeSectionView.swift */; };
		EBC290952CDBDFFC00500D84 /* CSIDAssistPlusFoodDatabase.db in Resources */ = {isa = PBXBuildFile; fileRef = EBC290942CDBDFFC00500D84 /* CSIDAssistPlusFoodDatabase.db */; };
		EBC290972CDC263A00500D84 /* FoodDetailsScreen.swift in Sources */ = {isa = PBXBuildFile; fileRef = EBC290962CDC263900500D84 /* FoodDetailsScreen.swift */; };
		EBC58F892CF286B4004E2F73 /* PersistenceManager.swift in Sources */ = {isa = PBXBuildFile; fileRef = EBC58F882CF286B4004E2F73 /* PersistenceManager.swift */; };
		EBC7AE552D02036C00F46964 /* CreateListScreen.swift in Sources */ = {isa = PBXBuildFile; fileRef = EBC7AE542D02036C00F46964 /* CreateListScreen.swift */; };
		EBDA88612CEE9DEE001C53D5 /* SceneDelegate.swift in Sources */ = {isa = PBXBuildFile; fileRef = EBDA88602CEE9DEE001C53D5 /* SceneDelegate.swift */; };
/* End PBXBuildFile section */

/* Begin PBXFileReference section */
		EB9E14EF2CDC3D670023BACE /* ViewModel.swift */ = {isa = PBXFileReference; lastKnownFileType = sourcecode.swift; path = ViewModel.swift; sourceTree = "<group>"; };
		EB9E14F12CDEC2FE0023BACE /* ComparisonScreen.swift */ = {isa = PBXFileReference; lastKnownFileType = sourcecode.swift; path = ComparisonScreen.swift; sourceTree = "<group>"; };
		EB9E14F72CE32A7D0023BACE /* SavedListsView.swift */ = {isa = PBXFileReference; lastKnownFileType = sourcecode.swift; path = SavedListsView.swift; sourceTree = "<group>"; };
		EB9E14FB2CE411770023BACE /* HomeScreenAI.swift */ = {isa = PBXFileReference; lastKnownFileType = sourcecode.swift; path = HomeScreenAI.swift; sourceTree = "<group>"; };
		EB9E14FD2CE4159A0023BACE /* SearchBarView.swift */ = {isa = PBXFileReference; lastKnownFileType = sourcecode.swift; path = SearchBarView.swift; sourceTree = "<group>"; };
		EB9E14FF2CE668470023BACE /* Helpers.swift */ = {isa = PBXFileReference; lastKnownFileType = sourcecode.swift; path = Helpers.swift; sourceTree = "<group>"; };
		EB9E15012CEDA31B0023BACE /* LogInScreen.swift */ = {isa = PBXFileReference; lastKnownFileType = sourcecode.swift; path = LogInScreen.swift; sourceTree = "<group>"; };
		EB9E15032CEE67170023BACE /* SignUpScreen.swift */ = {isa = PBXFileReference; lastKnownFileType = sourcecode.swift; path = SignUpScreen.swift; sourceTree = "<group>"; };
		EBC290602CD1FF9D00500D84 /* CSID_Simple.app */ = {isa = PBXFileReference; explicitFileType = wrapper.application; includeInIndex = 0; path = CSID_Simple.app; sourceTree = BUILT_PRODUCTS_DIR; };
		EBC290632CD1FF9D00500D84 /* CSID_SimpleApp.swift */ = {isa = PBXFileReference; lastKnownFileType = sourcecode.swift; path = CSID_SimpleApp.swift; sourceTree = "<group>"; };
		EBC290652CD1FF9D00500D84 /* HomeScreen.swift */ = {isa = PBXFileReference; lastKnownFileType = sourcecode.swift; path = HomeScreen.swift; sourceTree = "<group>"; };
		EBC290672CD1FF9F00500D84 /* Assets.xcassets */ = {isa = PBXFileReference; lastKnownFileType = folder.assetcatalog; path = Assets.xcassets; sourceTree = "<group>"; };
		EBC2906A2CD1FF9F00500D84 /* Preview Assets.xcassets */ = {isa = PBXFileReference; lastKnownFileType = folder.assetcatalog; path = "Preview Assets.xcassets"; sourceTree = "<group>"; };
		EBC290712CD20F2200500D84 /* SearchCarouselView.swift */ = {isa = PBXFileReference; lastKnownFileType = sourcecode.swift; path = SearchCarouselView.swift; sourceTree = "<group>"; };
		EBC290752CD59B6F00500D84 /* SearchResultCellView.swift */ = {isa = PBXFileReference; lastKnownFileType = sourcecode.swift; path = SearchResultCellView.swift; sourceTree = "<group>"; };
		EBC290772CD59BBD00500D84 /* Extensions.swift */ = {isa = PBXFileReference; lastKnownFileType = sourcecode.swift; path = Extensions.swift; sourceTree = "<group>"; };
		EBC290792CD6CE8500500D84 /* Models.swift */ = {isa = PBXFileReference; lastKnownFileType = sourcecode.swift; path = Models.swift; sourceTree = "<group>"; };
		EBC2907B2CD6D27100500D84 /* DatabaseHelper.swift */ = {isa = PBXFileReference; lastKnownFileType = sourcecode.swift; path = DatabaseHelper.swift; sourceTree = "<group>"; };
		EBC2907D2CD6D40700500D84 /* DatabaseQueries.swift */ = {isa = PBXFileReference; lastKnownFileType = sourcecode.swift; path = DatabaseQueries.swift; sourceTree = "<group>"; };
		EBC2907F2CD71C3500500D84 /* Singletons.swift */ = {isa = PBXFileReference; lastKnownFileType = sourcecode.swift; path = Singletons.swift; sourceTree = "<group>"; };
		EBC290832CD83E6B00500D84 /* SearchResultsView.swift */ = {isa = PBXFileReference; lastKnownFileType = sourcecode.swift; path = SearchResultsView.swift; sourceTree = "<group>"; };
		EBC290852CD83F3600500D84 /* SearchFiltersView.swift */ = {isa = PBXFileReference; lastKnownFileType = sourcecode.swift; path = SearchFiltersView.swift; sourceTree = "<group>"; };
		EBC290872CD8416E00500D84 /* BackgroundView.swift */ = {isa = PBXFileReference; lastKnownFileType = sourcecode.swift; path = BackgroundView.swift; sourceTree = "<group>"; };
		EBC2908B2CD84F5200500D84 /* SortResultsView.swift */ = {isa = PBXFileReference; lastKnownFileType = sourcecode.swift; path = SortResultsView.swift; sourceTree = "<group>"; };
		EBC2908D2CD850F600500D84 /* MealTypeSectionView.swift */ = {isa = PBXFileReference; lastKnownFileType = sourcecode.swift; path = MealTypeSectionView.swift; sourceTree = "<group>"; };
		EBC290942CDBDFFC00500D84 /* CSIDAssistPlusFoodDatabase.db */ = {isa = PBXFileReference; lastKnownFileType = file; path = CSIDAssistPlusFoodDatabase.db; sourceTree = "<group>"; };
		EBC290962CDC263900500D84 /* FoodDetailsScreen.swift */ = {isa = PBXFileReference; lastKnownFileType = sourcecode.swift; path = FoodDetailsScreen.swift; sourceTree = "<group>"; };
		EBC58F882CF286B4004E2F73 /* PersistenceManager.swift */ = {isa = PBXFileReference; lastKnownFileType = sourcecode.swift; path = PersistenceManager.swift; sourceTree = "<group>"; };
		EBC7AE542D02036C00F46964 /* CreateListScreen.swift */ = {isa = PBXFileReference; lastKnownFileType = sourcecode.swift; path = CreateListScreen.swift; sourceTree = "<group>"; };
		EBDA88602CEE9DEE001C53D5 /* SceneDelegate.swift */ = {isa = PBXFileReference; lastKnownFileType = sourcecode.swift; path = SceneDelegate.swift; sourceTree = "<group>"; };
/* End PBXFileReference section */

/* Begin PBXFrameworksBuildPhase section */
		EBC2905D2CD1FF9D00500D84 /* Frameworks */ = {
			isa = PBXFrameworksBuildPhase;
			buildActionMask = 2147483647;
			files = (
			);
			runOnlyForDeploymentPostprocessing = 0;
		};
/* End PBXFrameworksBuildPhase section */

/* Begin PBXGroup section */
		EBC290572CD1FF9C00500D84 = {
			isa = PBXGroup;
			children = (
				EBC290622CD1FF9D00500D84 /* CSID_Simple */,
				EBC290612CD1FF9D00500D84 /* Products */,
			);
			sourceTree = "<group>";
		};
		EBC290612CD1FF9D00500D84 /* Products */ = {
			isa = PBXGroup;
			children = (
				EBC290602CD1FF9D00500D84 /* CSID_Simple.app */,
			);
			name = Products;
			sourceTree = "<group>";
		};
		EBC290622CD1FF9D00500D84 /* CSID_Simple */ = {
			isa = PBXGroup;
			children = (
				EBC290912CD970AE00500D84 /* Database Management */,
				EBC290902CD9709800500D84 /* Screens */,
				EBC290632CD1FF9D00500D84 /* CSID_SimpleApp.swift */,
				EBC290672CD1FF9F00500D84 /* Assets.xcassets */,
				EBC290692CD1FF9F00500D84 /* Preview Content */,
				EBC2908F2CD872B600500D84 /* Custom Views */,
				EBC290772CD59BBD00500D84 /* Extensions.swift */,
				EBC290792CD6CE8500500D84 /* Models.swift */,
				EBC2907F2CD71C3500500D84 /* Singletons.swift */,
				EB9E14EF2CDC3D670023BACE /* ViewModel.swift */,
				EB9E14FF2CE668470023BACE /* Helpers.swift */,
				EBDA88602CEE9DEE001C53D5 /* SceneDelegate.swift */,
				EBC58F882CF286B4004E2F73 /* PersistenceManager.swift */,
			);
			path = CSID_Simple;
			sourceTree = "<group>";
		};
		EBC290692CD1FF9F00500D84 /* Preview Content */ = {
			isa = PBXGroup;
			children = (
				EBC2906A2CD1FF9F00500D84 /* Preview Assets.xcassets */,
			);
			path = "Preview Content";
			sourceTree = "<group>";
		};
		EBC2908F2CD872B600500D84 /* Custom Views */ = {
			isa = PBXGroup;
			children = (
				EBC290712CD20F2200500D84 /* SearchCarouselView.swift */,
				EBC290752CD59B6F00500D84 /* SearchResultCellView.swift */,
				EBC290832CD83E6B00500D84 /* SearchResultsView.swift */,
				EBC290852CD83F3600500D84 /* SearchFiltersView.swift */,
				EBC290872CD8416E00500D84 /* BackgroundView.swift */,
				EBC2908B2CD84F5200500D84 /* SortResultsView.swift */,
				EBC2908D2CD850F600500D84 /* MealTypeSectionView.swift */,
				EB9E14F72CE32A7D0023BACE /* SavedListsView.swift */,
				EB9E14FD2CE4159A0023BACE /* SearchBarView.swift */,
			);
			path = "Custom Views";
			sourceTree = "<group>";
		};
		EBC290902CD9709800500D84 /* Screens */ = {
			isa = PBXGroup;
			children = (
				EBC290652CD1FF9D00500D84 /* HomeScreen.swift */,
				EBC290962CDC263900500D84 /* FoodDetailsScreen.swift */,
				EB9E14F12CDEC2FE0023BACE /* ComparisonScreen.swift */,
				EB9E14FB2CE411770023BACE /* HomeScreenAI.swift */,
				EB9E15012CEDA31B0023BACE /* LogInScreen.swift */,
				EB9E15032CEE67170023BACE /* SignUpScreen.swift */,
				EBC7AE542D02036C00F46964 /* CreateListScreen.swift */,
			);
			path = Screens;
			sourceTree = "<group>";
		};
		EBC290912CD970AE00500D84 /* Database Management */ = {
			isa = PBXGroup;
			children = (
				EBC290942CDBDFFC00500D84 /* CSIDAssistPlusFoodDatabase.db */,
				EBC2907B2CD6D27100500D84 /* DatabaseHelper.swift */,
				EBC2907D2CD6D40700500D84 /* DatabaseQueries.swift */,
			);
			path = "Database Management";
			sourceTree = "<group>";
		};
/* End PBXGroup section */

/* Begin PBXNativeTarget section */
		EBC2905F2CD1FF9D00500D84 /* CSID_Simple */ = {
			isa = PBXNativeTarget;
			buildConfigurationList = EBC2906E2CD1FF9F00500D84 /* Build configuration list for PBXNativeTarget "CSID_Simple" */;
			buildPhases = (
				EBC2905C2CD1FF9D00500D84 /* Sources */,
				EBC2905D2CD1FF9D00500D84 /* Frameworks */,
				EBC2905E2CD1FF9D00500D84 /* Resources */,
			);
			buildRules = (
			);
			dependencies = (
			);
			name = CSID_Simple;
			productName = CSID_Simple;
			productReference = EBC290602CD1FF9D00500D84 /* CSID_Simple.app */;
			productType = "com.apple.product-type.application";
		};
/* End PBXNativeTarget section */

/* Begin PBXProject section */
		EBC290582CD1FF9D00500D84 /* Project object */ = {
			isa = PBXProject;
			attributes = {
				BuildIndependentTargetsInParallel = 1;
				LastSwiftUpdateCheck = 1540;
				LastUpgradeCheck = 1540;
				TargetAttributes = {
					EBC2905F2CD1FF9D00500D84 = {
						CreatedOnToolsVersion = 15.4;
					};
				};
			};
			buildConfigurationList = EBC2905B2CD1FF9D00500D84 /* Build configuration list for PBXProject "CSID_Simple" */;
			compatibilityVersion = "Xcode 14.0";
			developmentRegion = en;
			hasScannedForEncodings = 0;
			knownRegions = (
				en,
				Base,
			);
			mainGroup = EBC290572CD1FF9C00500D84;
			packageReferences = (
			);
			productRefGroup = EBC290612CD1FF9D00500D84 /* Products */;
			projectDirPath = "";
			projectRoot = "";
			targets = (
				EBC2905F2CD1FF9D00500D84 /* CSID_Simple */,
			);
		};
/* End PBXProject section */

/* Begin PBXResourcesBuildPhase section */
		EBC2905E2CD1FF9D00500D84 /* Resources */ = {
			isa = PBXResourcesBuildPhase;
			buildActionMask = 2147483647;
			files = (
				EBC2906B2CD1FF9F00500D84 /* Preview Assets.xcassets in Resources */,
				EBC290682CD1FF9F00500D84 /* Assets.xcassets in Resources */,
				EBC290952CDBDFFC00500D84 /* CSIDAssistPlusFoodDatabase.db in Resources */,
			);
			runOnlyForDeploymentPostprocessing = 0;
		};
/* End PBXResourcesBuildPhase section */

/* Begin PBXSourcesBuildPhase section */
		EBC2905C2CD1FF9D00500D84 /* Sources */ = {
			isa = PBXSourcesBuildPhase;
			buildActionMask = 2147483647;
			files = (
				EB9E14FE2CE4159A0023BACE /* SearchBarView.swift in Sources */,
				EBC2908E2CD850F600500D84 /* MealTypeSectionView.swift in Sources */,
				EBC290782CD59BBD00500D84 /* Extensions.swift in Sources */,
				EBC290722CD20F2200500D84 /* SearchCarouselView.swift in Sources */,
				EBC290972CDC263A00500D84 /* FoodDetailsScreen.swift in Sources */,
				EB9E15042CEE67170023BACE /* SignUpScreen.swift in Sources */,
				EB9E14F82CE32A7D0023BACE /* SavedListsView.swift in Sources */,
				EB9E14F22CDEC2FE0023BACE /* ComparisonScreen.swift in Sources */,
				EBC290762CD59B6F00500D84 /* SearchResultCellView.swift in Sources */,
				EBC2907E2CD6D40700500D84 /* DatabaseQueries.swift in Sources */,
				EBDA88612CEE9DEE001C53D5 /* SceneDelegate.swift in Sources */,
				EB9E15022CEDA31B0023BACE /* LogInScreen.swift in Sources */,
				EB9E14F02CDC3D670023BACE /* ViewModel.swift in Sources */,
				EB9E15002CE668470023BACE /* Helpers.swift in Sources */,
				EBC58F892CF286B4004E2F73 /* PersistenceManager.swift in Sources */,
				EBC2907C2CD6D27100500D84 /* DatabaseHelper.swift in Sources */,
				EBC2907A2CD6CE8500500D84 /* Models.swift in Sources */,
				EBC2908C2CD84F5200500D84 /* SortResultsView.swift in Sources */,
				EBC290882CD8416E00500D84 /* BackgroundView.swift in Sources */,
				EBC290802CD71C3500500D84 /* Singletons.swift in Sources */,
				EBC290842CD83E6B00500D84 /* SearchResultsView.swift in Sources */,
				EBC290662CD1FF9D00500D84 /* HomeScreen.swift in Sources */,
				EBC290642CD1FF9D00500D84 /* CSID_SimpleApp.swift in Sources */,
				EB9E14FC2CE411770023BACE /* HomeScreenAI.swift in Sources */,
				EBC290862CD83F3600500D84 /* SearchFiltersView.swift in Sources */,
				EBC7AE552D02036C00F46964 /* CreateListScreen.swift in Sources */,
			);
			runOnlyForDeploymentPostprocessing = 0;
		};
/* End PBXSourcesBuildPhase section */

/* Begin XCBuildConfiguration section */
		EBC2906C2CD1FF9F00500D84 /* Debug */ = {
			isa = XCBuildConfiguration;
			buildSettings = {
				ALWAYS_SEARCH_USER_PATHS = NO;
				ASSETCATALOG_COMPILER_GENERATE_SWIFT_ASSET_SYMBOL_EXTENSIONS = YES;
				CLANG_ANALYZER_NONNULL = YES;
				CLANG_ANALYZER_NUMBER_OBJECT_CONVERSION = YES_AGGRESSIVE;
				CLANG_CXX_LANGUAGE_STANDARD = "gnu++20";
				CLANG_ENABLE_MODULES = YES;
				CLANG_ENABLE_OBJC_ARC = YES;
				CLANG_ENABLE_OBJC_WEAK = YES;
				CLANG_WARN_BLOCK_CAPTURE_AUTORELEASING = YES;
				CLANG_WARN_BOOL_CONVERSION = YES;
				CLANG_WARN_COMMA = YES;
				CLANG_WARN_CONSTANT_CONVERSION = YES;
				CLANG_WARN_DEPRECATED_OBJC_IMPLEMENTATIONS = YES;
				CLANG_WARN_DIRECT_OBJC_ISA_USAGE = YES_ERROR;
				CLANG_WARN_DOCUMENTATION_COMMENTS = YES;
				CLANG_WARN_EMPTY_BODY = YES;
				CLANG_WARN_ENUM_CONVERSION = YES;
				CLANG_WARN_INFINITE_RECURSION = YES;
				CLANG_WARN_INT_CONVERSION = YES;
				CLANG_WARN_NON_LITERAL_NULL_CONVERSION = YES;
				CLANG_WARN_OBJC_IMPLICIT_RETAIN_SELF = YES;
				CLANG_WARN_OBJC_LITERAL_CONVERSION = YES;
				CLANG_WARN_OBJC_ROOT_CLASS = YES_ERROR;
				CLANG_WARN_QUOTED_INCLUDE_IN_FRAMEWORK_HEADER = YES;
				CLANG_WARN_RANGE_LOOP_ANALYSIS = YES;
				CLANG_WARN_STRICT_PROTOTYPES = YES;
				CLANG_WARN_SUSPICIOUS_MOVE = YES;
				CLANG_WARN_UNGUARDED_AVAILABILITY = YES_AGGRESSIVE;
				CLANG_WARN_UNREACHABLE_CODE = YES;
				CLANG_WARN__DUPLICATE_METHOD_MATCH = YES;
				COPY_PHASE_STRIP = NO;
				DEBUG_INFORMATION_FORMAT = dwarf;
				ENABLE_STRICT_OBJC_MSGSEND = YES;
				ENABLE_TESTABILITY = YES;
				ENABLE_USER_SCRIPT_SANDBOXING = YES;
				GCC_C_LANGUAGE_STANDARD = gnu17;
				GCC_DYNAMIC_NO_PIC = NO;
				GCC_NO_COMMON_BLOCKS = YES;
				GCC_OPTIMIZATION_LEVEL = 0;
				GCC_PREPROCESSOR_DEFINITIONS = (
					"DEBUG=1",
					"$(inherited)",
				);
				GCC_WARN_64_TO_32_BIT_CONVERSION = YES;
				GCC_WARN_ABOUT_RETURN_TYPE = YES_ERROR;
				GCC_WARN_UNDECLARED_SELECTOR = YES;
				GCC_WARN_UNINITIALIZED_AUTOS = YES_AGGRESSIVE;
				GCC_WARN_UNUSED_FUNCTION = YES;
				GCC_WARN_UNUSED_VARIABLE = YES;
				IPHONEOS_DEPLOYMENT_TARGET = 17.5;
				LOCALIZATION_PREFERS_STRING_CATALOGS = YES;
				MTL_ENABLE_DEBUG_INFO = INCLUDE_SOURCE;
				MTL_FAST_MATH = YES;
				ONLY_ACTIVE_ARCH = YES;
				SDKROOT = iphoneos;
				SWIFT_ACTIVE_COMPILATION_CONDITIONS = "DEBUG $(inherited)";
				SWIFT_OPTIMIZATION_LEVEL = "-Onone";
			};
			name = Debug;
		};
		EBC2906D2CD1FF9F00500D84 /* Release */ = {
			isa = XCBuildConfiguration;
			buildSettings = {
				ALWAYS_SEARCH_USER_PATHS = NO;
				ASSETCATALOG_COMPILER_GENERATE_SWIFT_ASSET_SYMBOL_EXTENSIONS = YES;
				CLANG_ANALYZER_NONNULL = YES;
				CLANG_ANALYZER_NUMBER_OBJECT_CONVERSION = YES_AGGRESSIVE;
				CLANG_CXX_LANGUAGE_STANDARD = "gnu++20";
				CLANG_ENABLE_MODULES = YES;
				CLANG_ENABLE_OBJC_ARC = YES;
				CLANG_ENABLE_OBJC_WEAK = YES;
				CLANG_WARN_BLOCK_CAPTURE_AUTORELEASING = YES;
				CLANG_WARN_BOOL_CONVERSION = YES;
				CLANG_WARN_COMMA = YES;
				CLANG_WARN_CONSTANT_CONVERSION = YES;
				CLANG_WARN_DEPRECATED_OBJC_IMPLEMENTATIONS = YES;
				CLANG_WARN_DIRECT_OBJC_ISA_USAGE = YES_ERROR;
				CLANG_WARN_DOCUMENTATION_COMMENTS = YES;
				CLANG_WARN_EMPTY_BODY = YES;
				CLANG_WARN_ENUM_CONVERSION = YES;
				CLANG_WARN_INFINITE_RECURSION = YES;
				CLANG_WARN_INT_CONVERSION = YES;
				CLANG_WARN_NON_LITERAL_NULL_CONVERSION = YES;
				CLANG_WARN_OBJC_IMPLICIT_RETAIN_SELF = YES;
				CLANG_WARN_OBJC_LITERAL_CONVERSION = YES;
				CLANG_WARN_OBJC_ROOT_CLASS = YES_ERROR;
				CLANG_WARN_QUOTED_INCLUDE_IN_FRAMEWORK_HEADER = YES;
				CLANG_WARN_RANGE_LOOP_ANALYSIS = YES;
				CLANG_WARN_STRICT_PROTOTYPES = YES;
				CLANG_WARN_SUSPICIOUS_MOVE = YES;
				CLANG_WARN_UNGUARDED_AVAILABILITY = YES_AGGRESSIVE;
				CLANG_WARN_UNREACHABLE_CODE = YES;
				CLANG_WARN__DUPLICATE_METHOD_MATCH = YES;
				COPY_PHASE_STRIP = NO;
				DEBUG_INFORMATION_FORMAT = "dwarf-with-dsym";
				ENABLE_NS_ASSERTIONS = NO;
				ENABLE_STRICT_OBJC_MSGSEND = YES;
				ENABLE_USER_SCRIPT_SANDBOXING = YES;
				GCC_C_LANGUAGE_STANDARD = gnu17;
				GCC_NO_COMMON_BLOCKS = YES;
				GCC_WARN_64_TO_32_BIT_CONVERSION = YES;
				GCC_WARN_ABOUT_RETURN_TYPE = YES_ERROR;
				GCC_WARN_UNDECLARED_SELECTOR = YES;
				GCC_WARN_UNINITIALIZED_AUTOS = YES_AGGRESSIVE;
				GCC_WARN_UNUSED_FUNCTION = YES;
				GCC_WARN_UNUSED_VARIABLE = YES;
				IPHONEOS_DEPLOYMENT_TARGET = 17.5;
				LOCALIZATION_PREFERS_STRING_CATALOGS = YES;
				MTL_ENABLE_DEBUG_INFO = NO;
				MTL_FAST_MATH = YES;
				SDKROOT = iphoneos;
				SWIFT_COMPILATION_MODE = wholemodule;
				VALIDATE_PRODUCT = YES;
			};
			name = Release;
		};
		EBC2906F2CD1FF9F00500D84 /* Debug */ = {
			isa = XCBuildConfiguration;
			buildSettings = {
				ASSETCATALOG_COMPILER_APPICON_NAME = AppIcon;
				ASSETCATALOG_COMPILER_GLOBAL_ACCENT_COLOR_NAME = AccentColor;
				CODE_SIGN_STYLE = Automatic;
				CURRENT_PROJECT_VERSION = 1;
				DEVELOPMENT_ASSET_PATHS = "\"CSID_Simple/Preview Content\"";
				DEVELOPMENT_TEAM = 2YSQD8TR77;
				ENABLE_PREVIEWS = YES;
				ENABLE_USER_SCRIPT_SANDBOXING = NO;
				GENERATE_INFOPLIST_FILE = YES;
				INFOPLIST_KEY_UIApplicationSceneManifest_Generation = YES;
				INFOPLIST_KEY_UIApplicationSupportsIndirectInputEvents = YES;
				INFOPLIST_KEY_UILaunchScreen_Generation = YES;
				INFOPLIST_KEY_UISupportedInterfaceOrientations = UIInterfaceOrientationPortrait;
				LD_RUNPATH_SEARCH_PATHS = (
					"$(inherited)",
					"@executable_path/Frameworks",
				);
				MARKETING_VERSION = 1.0;
				PRODUCT_BUNDLE_IDENTIFIER = "Vincent-Muller.CSID-Simple";
				PRODUCT_NAME = "$(TARGET_NAME)";
				SWIFT_EMIT_LOC_STRINGS = YES;
				SWIFT_VERSION = 5.0;
				TARGETED_DEVICE_FAMILY = "1,2";
			};
			name = Debug;
		};
		EBC290702CD1FF9F00500D84 /* Release */ = {
			isa = XCBuildConfiguration;
			buildSettings = {
				ASSETCATALOG_COMPILER_APPICON_NAME = AppIcon;
				ASSETCATALOG_COMPILER_GLOBAL_ACCENT_COLOR_NAME = AccentColor;
				CODE_SIGN_STYLE = Automatic;
				CURRENT_PROJECT_VERSION = 1;
				DEVELOPMENT_ASSET_PATHS = "\"CSID_Simple/Preview Content\"";
				DEVELOPMENT_TEAM = 2YSQD8TR77;
				ENABLE_PREVIEWS = YES;
				ENABLE_USER_SCRIPT_SANDBOXING = NO;
				GENERATE_INFOPLIST_FILE = YES;
				INFOPLIST_KEY_UIApplicationSceneManifest_Generation = YES;
				INFOPLIST_KEY_UIApplicationSupportsIndirectInputEvents = YES;
				INFOPLIST_KEY_UILaunchScreen_Generation = YES;
				INFOPLIST_KEY_UISupportedInterfaceOrientations = UIInterfaceOrientationPortrait;
				LD_RUNPATH_SEARCH_PATHS = (
					"$(inherited)",
					"@executable_path/Frameworks",
				);
				MARKETING_VERSION = 1.0;
				PRODUCT_BUNDLE_IDENTIFIER = "Vincent-Muller.CSID-Simple";
				PRODUCT_NAME = "$(TARGET_NAME)";
				SWIFT_EMIT_LOC_STRINGS = YES;
				SWIFT_VERSION = 5.0;
				TARGETED_DEVICE_FAMILY = "1,2";
			};
			name = Release;
		};
/* End XCBuildConfiguration section */

/* Begin XCConfigurationList section */
		EBC2905B2CD1FF9D00500D84 /* Build configuration list for PBXProject "CSID_Simple" */ = {
			isa = XCConfigurationList;
			buildConfigurations = (
				EBC2906C2CD1FF9F00500D84 /* Debug */,
				EBC2906D2CD1FF9F00500D84 /* Release */,
			);
			defaultConfigurationIsVisible = 0;
			defaultConfigurationName = Release;
		};
		EBC2906E2CD1FF9F00500D84 /* Build configuration list for PBXNativeTarget "CSID_Simple" */ = {
			isa = XCConfigurationList;
			buildConfigurations = (
				EBC2906F2CD1FF9F00500D84 /* Debug */,
				EBC290702CD1FF9F00500D84 /* Release */,
			);
			defaultConfigurationIsVisible = 0;
			defaultConfigurationName = Release;
		};
/* End XCConfigurationList section */
	};
	rootObject = EBC290582CD1FF9D00500D84 /* Project object */;
}
